
Microsoft Visual Studio Solution File, Format Version 12.00
# Visual Studio Version 16
VisualStudioVersion = 16.0.29609.76
MinimumVisualStudioVersion = 10.0.40219.1
Project("{9A19103F-16F7-4668-BE54-9A1E7A4F7556}") = "NestorRoca.TechnicalTest.PolicyManagement.Entities", "NestorRoca.TechnicalTest.PolicyManagement.Entities\NestorRoca.TechnicalTest.PolicyManagement.Entities.csproj", "{C66555B8-152B-43AA-BCF6-5F9F9C6232E5}"
EndProject
Project("{9A19103F-16F7-4668-BE54-9A1E7A4F7556}") = "NestorRoca.TechnicalTest.PolicyManagement.DataAccess", "NestorRoca.TechnicalTest.PolicyManagement.DataAccess\NestorRoca.TechnicalTest.PolicyManagement.DataAccess.csproj", "{6FE726B7-D8C2-4C44-AFE5-3D8D380DFDAE}"
	ProjectSection(ProjectDependencies) = postProject
		{C66555B8-152B-43AA-BCF6-5F9F9C6232E5} = {C66555B8-152B-43AA-BCF6-5F9F9C6232E5}
	EndProjectSection
EndProject
Project("{9A19103F-16F7-4668-BE54-9A1E7A4F7556}") = "NestorRoca.TechnicalTest.PolicyManagement.Bussiness", "NestorRoca.TechnicalTest.PolicyManagement.Bussiness\NestorRoca.TechnicalTest.PolicyManagement.Bussiness.csproj", "{36FA8C55-8511-41CB-A9CD-6755A123F24B}"
	ProjectSection(ProjectDependencies) = postProject
		{6FE726B7-D8C2-4C44-AFE5-3D8D380DFDAE} = {6FE726B7-D8C2-4C44-AFE5-3D8D380DFDAE}
		{C66555B8-152B-43AA-BCF6-5F9F9C6232E5} = {C66555B8-152B-43AA-BCF6-5F9F9C6232E5}
	EndProjectSection
EndProject
Project("{9A19103F-16F7-4668-BE54-9A1E7A4F7556}") = "NestorRoca.TechnicalTest.PolicyManagement.Api", "NestorRoca.TechnicalTest.PolicyManagement.Api\NestorRoca.TechnicalTest.PolicyManagement.Api.csproj", "{7EB9273A-CCDB-4CC0-9127-6F2DFBB09FB1}"
	ProjectSection(ProjectDependencies) = postProject
		{36FA8C55-8511-41CB-A9CD-6755A123F24B} = {36FA8C55-8511-41CB-A9CD-6755A123F24B}
		{C66555B8-152B-43AA-BCF6-5F9F9C6232E5} = {C66555B8-152B-43AA-BCF6-5F9F9C6232E5}
	EndProjectSection
EndProject
Project("{FAE04EC0-301F-11D3-BF4B-00C04F79EFBC}") = "NestorRoca.TechnicalTest.PolicyManagement.UnitTests", "NestorRoca.TechnicalTest.PolicyManagement.UnitTests\NestorRoca.TechnicalTest.PolicyManagement.UnitTests.csproj", "{0DF2F8F3-96F9-4B02-B222-13762D11AF90}"
EndProject
Global
	GlobalSection(SolutionConfigurationPlatforms) = preSolution
		Debug|Any CPU = Debug|Any CPU
		Release|Any CPU = Release|Any CPU
	EndGlobalSection
	GlobalSection(ProjectConfigurationPlatforms) = postSolution
		{C66555B8-152B-43AA-BCF6-5F9F9C6232E5}.Debug|Any CPU.ActiveCfg = Debug|Any CPU
		{C66555B8-152B-43AA-BCF6-5F9F9C6232E5}.Debug|Any CPU.Build.0 = Debug|Any CPU
		{C66555B8-152B-43AA-BCF6-5F9F9C6232E5}.Release|Any CPU.ActiveCfg = Release|Any CPU
		{C66555B8-152B-43AA-BCF6-5F9F9C6232E5}.Release|Any CPU.Build.0 = Release|Any CPU
		{6FE726B7-D8C2-4C44-AFE5-3D8D380DFDAE}.Debug|Any CPU.ActiveCfg = Debug|Any CPU
		{6FE726B7-D8C2-4C44-AFE5-3D8D380DFDAE}.Debug|Any CPU.Build.0 = Debug|Any CPU
		{6FE726B7-D8C2-4C44-AFE5-3D8D380DFDAE}.Release|Any CPU.ActiveCfg = Release|Any CPU
		{6FE726B7-D8C2-4C44-AFE5-3D8D380DFDAE}.Release|Any CPU.Build.0 = Release|Any CPU
		{36FA8C55-8511-41CB-A9CD-6755A123F24B}.Debug|Any CPU.ActiveCfg = Debug|Any CPU
		{36FA8C55-8511-41CB-A9CD-6755A123F24B}.Debug|Any CPU.Build.0 = Debug|Any CPU
		{36FA8C55-8511-41CB-A9CD-6755A123F24B}.Release|Any CPU.ActiveCfg = Release|Any CPU
		{36FA8C55-8511-41CB-A9CD-6755A123F24B}.Release|Any CPU.Build.0 = Release|Any CPU
		{7EB9273A-CCDB-4CC0-9127-6F2DFBB09FB1}.Debug|Any CPU.ActiveCfg = Debug|Any CPU
		{7EB9273A-CCDB-4CC0-9127-6F2DFBB09FB1}.Debug|Any CPU.Build.0 = Debug|Any CPU
		{7EB9273A-CCDB-4CC0-9127-6F2DFBB09FB1}.Release|Any CPU.ActiveCfg = Release|Any CPU
		{7EB9273A-CCDB-4CC0-9127-6F2DFBB09FB1}.Release|Any CPU.Build.0 = Release|Any CPU
		{0DF2F8F3-96F9-4B02-B222-13762D11AF90}.Debug|Any CPU.ActiveCfg = Debug|Any CPU
		{0DF2F8F3-96F9-4B02-B222-13762D11AF90}.Debug|Any CPU.Build.0 = Debug|Any CPU
		{0DF2F8F3-96F9-4B02-B222-13762D11AF90}.Release|Any CPU.ActiveCfg = Release|Any CPU
		{0DF2F8F3-96F9-4B02-B222-13762D11AF90}.Release|Any CPU.Build.0 = Release|Any CPU
	EndGlobalSection
	GlobalSection(SolutionProperties) = preSolution
		HideSolutionNode = FALSE
	EndGlobalSection
	GlobalSection(ExtensibilityGlobals) = postSolution
		SolutionGuid = {96C947C6-0254-4D49-A484-B97E60049933}
	EndGlobalSection
EndGlobal
